
Microsoft Visual Studio Solution File, Format Version 12.00
# Visual Studio Version 17
VisualStudioVersion = 17.10.34928.147
MinimumVisualStudioVersion = 10.0.40219.1
Project("{9A19103F-16F7-4668-BE54-9A1E7A4F7556}") = "WebApi", "WebApi\WebApi.csproj", "{BD519532-A7C9-4195-9D68-B18D02B5696C}"
EndProject
Project("{9A19103F-16F7-4668-BE54-9A1E7A4F7556}") = "Tests", "Tests\Tests.csproj", "{A2999851-C220-4132-B175-ED09629464A4}"
EndProject
Project("{9A19103F-16F7-4668-BE54-9A1E7A4F7556}") = "SoapClient", "SoapClient\SoapClient.csproj", "{92E4AEA3-FDD1-419C-B37A-6FC8F2691A5A}"
EndProject
Project("{9A19103F-16F7-4668-BE54-9A1E7A4F7556}") = "SoapServer", "SoapServer\SoapServer.csproj", "{AB301692-C698-4C57-B336-406B852250D1}"
EndProject
Project("{FAE04EC0-301F-11D3-BF4B-00C04F79EFBC}") = "RazorAdminPanel", "RazorAdminPanel\RazorAdminPanel.csproj", "{C1DE203D-9F50-4D47-AFF0-6FB5F66277DA}"
EndProject
Global
	GlobalSection(SolutionConfigurationPlatforms) = preSolution
		Debug|Any CPU = Debug|Any CPU
		Release|Any CPU = Release|Any CPU
	EndGlobalSection
	GlobalSection(ProjectConfigurationPlatforms) = postSolution
		{BD519532-A7C9-4195-9D68-B18D02B5696C}.Debug|Any CPU.ActiveCfg = Debug|Any CPU
		{BD519532-A7C9-4195-9D68-B18D02B5696C}.Debug|Any CPU.Build.0 = Debug|Any CPU
		{BD519532-A7C9-4195-9D68-B18D02B5696C}.Release|Any CPU.ActiveCfg = Release|Any CPU
		{BD519532-A7C9-4195-9D68-B18D02B5696C}.Release|Any CPU.Build.0 = Release|Any CPU
		{A2999851-C220-4132-B175-ED09629464A4}.Debug|Any CPU.ActiveCfg = Debug|Any CPU
		{A2999851-C220-4132-B175-ED09629464A4}.Debug|Any CPU.Build.0 = Debug|Any CPU
		{A2999851-C220-4132-B175-ED09629464A4}.Release|Any CPU.ActiveCfg = Release|Any CPU
		{A2999851-C220-4132-B175-ED09629464A4}.Release|Any CPU.Build.0 = Release|Any CPU
		{92E4AEA3-FDD1-419C-B37A-6FC8F2691A5A}.Debug|Any CPU.ActiveCfg = Debug|Any CPU
		{92E4AEA3-FDD1-419C-B37A-6FC8F2691A5A}.Debug|Any CPU.Build.0 = Debug|Any CPU
		{92E4AEA3-FDD1-419C-B37A-6FC8F2691A5A}.Release|Any CPU.ActiveCfg = Release|Any CPU
		{92E4AEA3-FDD1-419C-B37A-6FC8F2691A5A}.Release|Any CPU.Build.0 = Release|Any CPU
		{AB301692-C698-4C57-B336-406B852250D1}.Debug|Any CPU.ActiveCfg = Debug|Any CPU
		{AB301692-C698-4C57-B336-406B852250D1}.Debug|Any CPU.Build.0 = Debug|Any CPU
		{AB301692-C698-4C57-B336-406B852250D1}.Release|Any CPU.ActiveCfg = Release|Any CPU
		{AB301692-C698-4C57-B336-406B852250D1}.Release|Any CPU.Build.0 = Release|Any CPU
		{C1DE203D-9F50-4D47-AFF0-6FB5F66277DA}.Debug|Any CPU.ActiveCfg = Debug|Any CPU
		{C1DE203D-9F50-4D47-AFF0-6FB5F66277DA}.Debug|Any CPU.Build.0 = Debug|Any CPU
		{C1DE203D-9F50-4D47-AFF0-6FB5F66277DA}.Release|Any CPU.ActiveCfg = Release|Any CPU
		{C1DE203D-9F50-4D47-AFF0-6FB5F66277DA}.Release|Any CPU.Build.0 = Release|Any CPU
	EndGlobalSection
	GlobalSection(SolutionProperties) = preSolution
		HideSolutionNode = FALSE
	EndGlobalSection
	GlobalSection(ExtensibilityGlobals) = postSolution
		SolutionGuid = {3A09A5F5-3786-48D2-B4A1-C156BBE19896}
	EndGlobalSection
EndGlobal
